
Microsoft Visual Studio Solution File, Format Version 12.00
# Visual Studio Version 17
VisualStudioVersion = 17.0.31612.314
MinimumVisualStudioVersion = 10.0.40219.1
Project("{FAE04EC0-301F-11D3-BF4B-00C04F79EFBC}") = "OutlookAttachmentsDownloader", "OutlookAttachmentsDownloader.csproj", "{D68114FC-74EA-47FC-A1C7-84850D20F0A6}"
EndProject
Global
	GlobalSection(SolutionConfigurationPlatforms) = preSolution
		Debug|Any CPU = Debug|Any CPU
		Release|Any CPU = Release|Any CPU
	EndGlobalSection
	GlobalSection(ProjectConfigurationPlatforms) = postSolution
		{D68114FC-74EA-47FC-A1C7-84850D20F0A6}.Debug|Any CPU.ActiveCfg = Debug|Any CPU
		{D68114FC-74EA-47FC-A1C7-84850D20F0A6}.Debug|Any CPU.Build.0 = Debug|Any CPU
		{D68114FC-74EA-47FC-A1C7-84850D20F0A6}.Release|Any CPU.ActiveCfg = Release|Any CPU
		{D68114FC-74EA-47FC-A1C7-84850D20F0A6}.Release|Any CPU.Build.0 = Release|Any CPU
	EndGlobalSection
	GlobalSection(SolutionProperties) = preSolution
		HideSolutionNode = FALSE
	EndGlobalSection
	GlobalSection(ExtensibilityGlobals) = postSolution
		SolutionGuid = {710204EA-8709-4E87-A4CF-C0C4CC47C6D8}
	EndGlobalSection
EndGlobal
